
Microsoft Visual Studio Solution File, Format Version 12.00
# Visual Studio 15
VisualStudioVersion = 15.0.26730.15
MinimumVisualStudioVersion = 10.0.40219.1
Project("{FAE04EC0-301F-11D3-BF4B-00C04F79EFBC}") = "Specification", "Specification\Specification.csproj", "{4DD0AE9B-30E4-4F17-8AD1-66ADA7846365}"
EndProject
Global
	GlobalSection(SolutionConfigurationPlatforms) = preSolution
		Debug|Any CPU = Debug|Any CPU
		Release|Any CPU = Release|Any CPU
	EndGlobalSection
	GlobalSection(ProjectConfigurationPlatforms) = postSolution
		{4DD0AE9B-30E4-4F17-8AD1-66ADA7846365}.Debug|Any CPU.ActiveCfg = Debug|Any CPU
		{4DD0AE9B-30E4-4F17-8AD1-66ADA7846365}.Debug|Any CPU.Build.0 = Debug|Any CPU
		{4DD0AE9B-30E4-4F17-8AD1-66ADA7846365}.Release|Any CPU.ActiveCfg = Release|Any CPU
		{4DD0AE9B-30E4-4F17-8AD1-66ADA7846365}.Release|Any CPU.Build.0 = Release|Any CPU
	EndGlobalSection
	GlobalSection(SolutionProperties) = preSolution
		HideSolutionNode = FALSE
	EndGlobalSection
	GlobalSection(ExtensibilityGlobals) = postSolution
		SolutionGuid = {68CBD415-BBDB-49C8-91D4-5E691B5EB5A4}
	EndGlobalSection
EndGlobal
